// !$*UTF8*$!
{
	archiveVersion = 1;
	classes = {
	};
	objectVersion = 46;
	objects = {

/* Begin PBXBuildFile section */
		2E99696218E9CA4100880256 /* Foundation.framework in Frameworks */ = {isa = PBXBuildFile; fileRef = 2E99696118E9CA4100880256 /* Foundation.framework */; };
		2E99696418E9CA4100880256 /* CoreGraphics.framework in Frameworks */ = {isa = PBXBuildFile; fileRef = 2E99696318E9CA4100880256 /* CoreGraphics.framework */; };
		2E99696618E9CA4100880256 /* UIKit.framework in Frameworks */ = {isa = PBXBuildFile; fileRef = 2E99696518E9CA4100880256 /* UIKit.framework */; };
		2E99696C18E9CA4100880256 /* InfoPlist.strings in Resources */ = {isa = PBXBuildFile; fileRef = 2E99696A18E9CA4100880256 /* InfoPlist.strings */; };
		2E99696E18E9CA4100880256 /* main.m in Sources */ = {isa = PBXBuildFile; fileRef = 2E99696D18E9CA4100880256 /* main.m */; };
		2E99697218E9CA4100880256 /* SFAppDelegate.m in Sources */ = {isa = PBXBuildFile; fileRef = 2E99697118E9CA4100880256 /* SFAppDelegate.m */; };
		2E99697518E9CA4100880256 /* Main.storyboard in Resources */ = {isa = PBXBuildFile; fileRef = 2E99697318E9CA4100880256 /* Main.storyboard */; };
		2E99697818E9CA4100880256 /* SFViewController.m in Sources */ = {isa = PBXBuildFile; fileRef = 2E99697718E9CA4100880256 /* SFViewController.m */; };
		2E99697A18E9CA4100880256 /* Images.xcassets in Resources */ = {isa = PBXBuildFile; fileRef = 2E99697918E9CA4100880256 /* Images.xcassets */; };
		2E99698118E9CA4100880256 /* XCTest.framework in Frameworks */ = {isa = PBXBuildFile; fileRef = 2E99698018E9CA4100880256 /* XCTest.framework */; };
		2E99698218E9CA4100880256 /* Foundation.framework in Frameworks */ = {isa = PBXBuildFile; fileRef = 2E99696118E9CA4100880256 /* Foundation.framework */; };
		2E99698318E9CA4100880256 /* UIKit.framework in Frameworks */ = {isa = PBXBuildFile; fileRef = 2E99696518E9CA4100880256 /* UIKit.framework */; };
		2E99698B18E9CA4100880256 /* InfoPlist.strings in Resources */ = {isa = PBXBuildFile; fileRef = 2E99698918E9CA4100880256 /* InfoPlist.strings */; };
		2E99698D18E9CA4100880256 /* SalesforceAuthTests.m in Sources */ = {isa = PBXBuildFile; fileRef = 2E99698C18E9CA4100880256 /* SalesforceAuthTests.m */; };
/* End PBXBuildFile section */

/* Begin PBXContainerItemProxy section */
		2E99698418E9CA4100880256 /* PBXContainerItemProxy */ = {
			isa = PBXContainerItemProxy;
			containerPortal = 2E99695618E9CA4100880256 /* Project object */;
			proxyType = 1;
			remoteGlobalIDString = 2E99695D18E9CA4100880256;
			remoteInfo = SalesforceAuth;
		};
/* End PBXContainerItemProxy section */

/* Begin PBXFileReference section */
		2E99695E18E9CA4100880256 /* SalesforceAuth.app */ = {isa = PBXFileReference; explicitFileType = wrapper.application; includeInIndex = 0; path = SalesforceAuth.app; sourceTree = BUILT_PRODUCTS_DIR; };
		2E99696118E9CA4100880256 /* Foundation.framework */ = {isa = PBXFileReference; lastKnownFileType = wrapper.framework; name = Foundation.framework; path = System/Library/Frameworks/Foundation.framework; sourceTree = SDKROOT; };
		2E99696318E9CA4100880256 /* CoreGraphics.framework */ = {isa = PBXFileReference; lastKnownFileType = wrapper.framework; name = CoreGraphics.framework; path = System/Library/Frameworks/CoreGraphics.framework; sourceTree = SDKROOT; };
		2E99696518E9CA4100880256 /* UIKit.framework */ = {isa = PBXFileReference; lastKnownFileType = wrapper.framework; name = UIKit.framework; path = System/Library/Frameworks/UIKit.framework; sourceTree = SDKROOT; };
		2E99696918E9CA4100880256 /* SalesforceAuth-Info.plist */ = {isa = PBXFileReference; lastKnownFileType = text.plist.xml; path = "SalesforceAuth-Info.plist"; sourceTree = "<group>"; };
		2E99696B18E9CA4100880256 /* en */ = {isa = PBXFileReference; lastKnownFileType = text.plist.strings; name = en; path = en.lproj/InfoPlist.strings; sourceTree = "<group>"; };
		2E99696D18E9CA4100880256 /* main.m */ = {isa = PBXFileReference; lastKnownFileType = sourcecode.c.objc; path = main.m; sourceTree = "<group>"; };
		2E99696F18E9CA4100880256 /* SalesforceAuth-Prefix.pch */ = {isa = PBXFileReference; lastKnownFileType = sourcecode.c.h; path = "SalesforceAuth-Prefix.pch"; sourceTree = "<group>"; };
		2E99697018E9CA4100880256 /* SFAppDelegate.h */ = {isa = PBXFileReference; lastKnownFileType = sourcecode.c.h; path = SFAppDelegate.h; sourceTree = "<group>"; };
		2E99697118E9CA4100880256 /* SFAppDelegate.m */ = {isa = PBXFileReference; lastKnownFileType = sourcecode.c.objc; path = SFAppDelegate.m; sourceTree = "<group>"; };
		2E99697418E9CA4100880256 /* Base */ = {isa = PBXFileReference; lastKnownFileType = file.storyboard; name = Base; path = Base.lproj/Main.storyboard; sourceTree = "<group>"; };
		2E99697618E9CA4100880256 /* SFViewController.h */ = {isa = PBXFileReference; lastKnownFileType = sourcecode.c.h; path = SFViewController.h; sourceTree = "<group>"; };
		2E99697718E9CA4100880256 /* SFViewController.m */ = {isa = PBXFileReference; lastKnownFileType = sourcecode.c.objc; path = SFViewController.m; sourceTree = "<group>"; };
		2E99697918E9CA4100880256 /* Images.xcassets */ = {isa = PBXFileReference; lastKnownFileType = folder.assetcatalog; path = Images.xcassets; sourceTree = "<group>"; };
		2E99697F18E9CA4100880256 /* SalesforceAuthTests.xctest */ = {isa = PBXFileReference; explicitFileType = wrapper.cfbundle; includeInIndex = 0; path = SalesforceAuthTests.xctest; sourceTree = BUILT_PRODUCTS_DIR; };
		2E99698018E9CA4100880256 /* XCTest.framework */ = {isa = PBXFileReference; lastKnownFileType = wrapper.framework; name = XCTest.framework; path = Library/Frameworks/XCTest.framework; sourceTree = DEVELOPER_DIR; };
		2E99698818E9CA4100880256 /* SalesforceAuthTests-Info.plist */ = {isa = PBXFileReference; lastKnownFileType = text.plist.xml; path = "SalesforceAuthTests-Info.plist"; sourceTree = "<group>"; };
		2E99698A18E9CA4100880256 /* en */ = {isa = PBXFileReference; lastKnownFileType = text.plist.strings; name = en; path = en.lproj/InfoPlist.strings; sourceTree = "<group>"; };
		2E99698C18E9CA4100880256 /* SalesforceAuthTests.m */ = {isa = PBXFileReference; lastKnownFileType = sourcecode.c.objc; path = SalesforceAuthTests.m; sourceTree = "<group>"; };
/* End PBXFileReference section */

/* Begin PBXFrameworksBuildPhase section */
		2E99695B18E9CA4100880256 /* Frameworks */ = {
			isa = PBXFrameworksBuildPhase;
			buildActionMask = 2147483647;
			files = (
				2E99696418E9CA4100880256 /* CoreGraphics.framework in Frameworks */,
				2E99696618E9CA4100880256 /* UIKit.framework in Frameworks */,
				2E99696218E9CA4100880256 /* Foundation.framework in Frameworks */,
			);
			runOnlyForDeploymentPostprocessing = 0;
		};
		2E99697C18E9CA4100880256 /* Frameworks */ = {
			isa = PBXFrameworksBuildPhase;
			buildActionMask = 2147483647;
			files = (
				2E99698118E9CA4100880256 /* XCTest.framework in Frameworks */,
				2E99698318E9CA4100880256 /* UIKit.framework in Frameworks */,
				2E99698218E9CA4100880256 /* Foundation.framework in Frameworks */,
			);
			runOnlyForDeploymentPostprocessing = 0;
		};
/* End PBXFrameworksBuildPhase section */

/* Begin PBXGroup section */
		2E99695518E9CA4100880256 = {
			isa = PBXGroup;
			children = (
				2E99696718E9CA4100880256 /* SalesforceAuth */,
				2E99698618E9CA4100880256 /* SalesforceAuthTests */,
				2E99696018E9CA4100880256 /* Frameworks */,
				2E99695F18E9CA4100880256 /* Products */,
			);
			sourceTree = "<group>";
		};
		2E99695F18E9CA4100880256 /* Products */ = {
			isa = PBXGroup;
			children = (
				2E99695E18E9CA4100880256 /* SalesforceAuth.app */,
				2E99697F18E9CA4100880256 /* SalesforceAuthTests.xctest */,
			);
			name = Products;
			sourceTree = "<group>";
		};
		2E99696018E9CA4100880256 /* Frameworks */ = {
			isa = PBXGroup;
			children = (
				2E99696118E9CA4100880256 /* Foundation.framework */,
				2E99696318E9CA4100880256 /* CoreGraphics.framework */,
				2E99696518E9CA4100880256 /* UIKit.framework */,
				2E99698018E9CA4100880256 /* XCTest.framework */,
			);
			name = Frameworks;
			sourceTree = "<group>";
		};
		2E99696718E9CA4100880256 /* SalesforceAuth */ = {
			isa = PBXGroup;
			children = (
				2E99697018E9CA4100880256 /* SFAppDelegate.h */,
				2E99697118E9CA4100880256 /* SFAppDelegate.m */,
				2E99697318E9CA4100880256 /* Main.storyboard */,
				2E99697618E9CA4100880256 /* SFViewController.h */,
				2E99697718E9CA4100880256 /* SFViewController.m */,
				2E99697918E9CA4100880256 /* Images.xcassets */,
				2E99696818E9CA4100880256 /* Supporting Files */,
			);
			path = SalesforceAuth;
			sourceTree = "<group>";
		};
		2E99696818E9CA4100880256 /* Supporting Files */ = {
			isa = PBXGroup;
			children = (
				2E99696918E9CA4100880256 /* SalesforceAuth-Info.plist */,
				2E99696A18E9CA4100880256 /* InfoPlist.strings */,
				2E99696D18E9CA4100880256 /* main.m */,
				2E99696F18E9CA4100880256 /* SalesforceAuth-Prefix.pch */,
			);
			name = "Supporting Files";
			sourceTree = "<group>";
		};
		2E99698618E9CA4100880256 /* SalesforceAuthTests */ = {
			isa = PBXGroup;
			children = (
				2E99698C18E9CA4100880256 /* SalesforceAuthTests.m */,
				2E99698718E9CA4100880256 /* Supporting Files */,
			);
			path = SalesforceAuthTests;
			sourceTree = "<group>";
		};
		2E99698718E9CA4100880256 /* Supporting Files */ = {
			isa = PBXGroup;
			children = (
				2E99698818E9CA4100880256 /* SalesforceAuthTests-Info.plist */,
				2E99698918E9CA4100880256 /* InfoPlist.strings */,
			);
			name = "Supporting Files";
			sourceTree = "<group>";
		};
/* End PBXGroup section */

/* Begin PBXNativeTarget section */
		2E99695D18E9CA4100880256 /* SalesforceAuth */ = {
			isa = PBXNativeTarget;
			buildConfigurationList = 2E99699018E9CA4100880256 /* Build configuration list for PBXNativeTarget "SalesforceAuth" */;
			buildPhases = (
				2E99695A18E9CA4100880256 /* Sources */,
				2E99695B18E9CA4100880256 /* Frameworks */,
				2E99695C18E9CA4100880256 /* Resources */,
			);
			buildRules = (
			);
			dependencies = (
			);
			name = SalesforceAuth;
			productName = SalesforceAuth;
			productReference = 2E99695E18E9CA4100880256 /* SalesforceAuth.app */;
			productType = "com.apple.product-type.application";
		};
		2E99697E18E9CA4100880256 /* SalesforceAuthTests */ = {
			isa = PBXNativeTarget;
			buildConfigurationList = 2E99699318E9CA4100880256 /* Build configuration list for PBXNativeTarget "SalesforceAuthTests" */;
			buildPhases = (
				2E99697B18E9CA4100880256 /* Sources */,
				2E99697C18E9CA4100880256 /* Frameworks */,
				2E99697D18E9CA4100880256 /* Resources */,
			);
			buildRules = (
			);
			dependencies = (
				2E99698518E9CA4100880256 /* PBXTargetDependency */,
			);
			name = SalesforceAuthTests;
			productName = SalesforceAuthTests;
			productReference = 2E99697F18E9CA4100880256 /* SalesforceAuthTests.xctest */;
			productType = "com.apple.product-type.bundle.unit-test";
		};
/* End PBXNativeTarget section */

/* Begin PBXProject section */
		2E99695618E9CA4100880256 /* Project object */ = {
			isa = PBXProject;
			attributes = {
				CLASSPREFIX = SF;
				LastUpgradeCheck = 0500;
				ORGANIZATIONNAME = Salesforce;
				TargetAttributes = {
					2E99697E18E9CA4100880256 = {
						TestTargetID = 2E99695D18E9CA4100880256;
					};
				};
			};
			buildConfigurationList = 2E99695918E9CA4100880256 /* Build configuration list for PBXProject "SalesforceAuth" */;
			compatibilityVersion = "Xcode 3.2";
			developmentRegion = English;
			hasScannedForEncodings = 0;
			knownRegions = (
				en,
				Base,
			);
			mainGroup = 2E99695518E9CA4100880256;
			productRefGroup = 2E99695F18E9CA4100880256 /* Products */;
			projectDirPath = "";
			projectRoot = "";
			targets = (
				2E99695D18E9CA4100880256 /* SalesforceAuth */,
				2E99697E18E9CA4100880256 /* SalesforceAuthTests */,
			);
		};
/* End PBXProject section */

/* Begin PBXResourcesBuildPhase section */
		2E99695C18E9CA4100880256 /* Resources */ = {
			isa = PBXResourcesBuildPhase;
			buildActionMask = 2147483647;
			files = (
				2E99697A18E9CA4100880256 /* Images.xcassets in Resources */,
				2E99696C18E9CA4100880256 /* InfoPlist.strings in Resources */,
				2E99697518E9CA4100880256 /* Main.storyboard in Resources */,
			);
			runOnlyForDeploymentPostprocessing = 0;
		};
		2E99697D18E9CA4100880256 /* Resources */ = {
			isa = PBXResourcesBuildPhase;
			buildActionMask = 2147483647;
			files = (
				2E99698B18E9CA4100880256 /* InfoPlist.strings in Resources */,
			);
			runOnlyForDeploymentPostprocessing = 0;
		};
/* End PBXResourcesBuildPhase section */

/* Begin PBXSourcesBuildPhase section */
		2E99695A18E9CA4100880256 /* Sources */ = {
			isa = PBXSourcesBuildPhase;
			buildActionMask = 2147483647;
			files = (
				2E99696E18E9CA4100880256 /* main.m in Sources */,
				2E99697818E9CA4100880256 /* SFViewController.m in Sources */,
				2E99697218E9CA4100880256 /* SFAppDelegate.m in Sources */,
			);
			runOnlyForDeploymentPostprocessing = 0;
		};
		2E99697B18E9CA4100880256 /* Sources */ = {
			isa = PBXSourcesBuildPhase;
			buildActionMask = 2147483647;
			files = (
				2E99698D18E9CA4100880256 /* SalesforceAuthTests.m in Sources */,
			);
			runOnlyForDeploymentPostprocessing = 0;
		};
/* End PBXSourcesBuildPhase section */

/* Begin PBXTargetDependency section */
		2E99698518E9CA4100880256 /* PBXTargetDependency */ = {
			isa = PBXTargetDependency;
			target = 2E99695D18E9CA4100880256 /* SalesforceAuth */;
			targetProxy = 2E99698418E9CA4100880256 /* PBXContainerItemProxy */;
		};
/* End PBXTargetDependency section */

/* Begin PBXVariantGroup section */
		2E99696A18E9CA4100880256 /* InfoPlist.strings */ = {
			isa = PBXVariantGroup;
			children = (
				2E99696B18E9CA4100880256 /* en */,
			);
			name = InfoPlist.strings;
			sourceTree = "<group>";
		};
		2E99697318E9CA4100880256 /* Main.storyboard */ = {
			isa = PBXVariantGroup;
			children = (
				2E99697418E9CA4100880256 /* Base */,
			);
			name = Main.storyboard;
			sourceTree = "<group>";
		};
		2E99698918E9CA4100880256 /* InfoPlist.strings */ = {
			isa = PBXVariantGroup;
			children = (
				2E99698A18E9CA4100880256 /* en */,
			);
			name = InfoPlist.strings;
			sourceTree = "<group>";
		};
/* End PBXVariantGroup section */

/* Begin XCBuildConfiguration section */
		2E99698E18E9CA4100880256 /* Debug */ = {
			isa = XCBuildConfiguration;
			buildSettings = {
				ALWAYS_SEARCH_USER_PATHS = NO;
				ARCHS = "$(ARCHS_STANDARD_INCLUDING_64_BIT)";
				CLANG_CXX_LANGUAGE_STANDARD = "gnu++0x";
				CLANG_CXX_LIBRARY = "libc++";
				CLANG_ENABLE_MODULES = YES;
				CLANG_ENABLE_OBJC_ARC = YES;
				CLANG_WARN_BOOL_CONVERSION = YES;
				CLANG_WARN_CONSTANT_CONVERSION = YES;
				CLANG_WARN_DIRECT_OBJC_ISA_USAGE = YES_ERROR;
				CLANG_WARN_EMPTY_BODY = YES;
				CLANG_WARN_ENUM_CONVERSION = YES;
				CLANG_WARN_INT_CONVERSION = YES;
				CLANG_WARN_OBJC_ROOT_CLASS = YES_ERROR;
				CLANG_WARN__DUPLICATE_METHOD_MATCH = YES;
				"CODE_SIGN_IDENTITY[sdk=iphoneos*]" = "iPhone Developer";
				COPY_PHASE_STRIP = NO;
				GCC_C_LANGUAGE_STANDARD = gnu99;
				GCC_DYNAMIC_NO_PIC = NO;
				GCC_OPTIMIZATION_LEVEL = 0;
				GCC_PREPROCESSOR_DEFINITIONS = (
					"DEBUG=1",
					"$(inherited)",
				);
				GCC_SYMBOLS_PRIVATE_EXTERN = NO;
				GCC_WARN_64_TO_32_BIT_CONVERSION = YES;
				GCC_WARN_ABOUT_RETURN_TYPE = YES_ERROR;
				GCC_WARN_UNDECLARED_SELECTOR = YES;
				GCC_WARN_UNINITIALIZED_AUTOS = YES;
				GCC_WARN_UNUSED_FUNCTION = YES;
				GCC_WARN_UNUSED_VARIABLE = YES;
				IPHONEOS_DEPLOYMENT_TARGET = 7.0;
				ONLY_ACTIVE_ARCH = YES;
				SDKROOT = iphoneos;
			};
			name = Debug;
		};
		2E99698F18E9CA4100880256 /* Release */ = {
			isa = XCBuildConfiguration;
			buildSettings = {
				ALWAYS_SEARCH_USER_PATHS = NO;
				ARCHS = "$(ARCHS_STANDARD_INCLUDING_64_BIT)";
				CLANG_CXX_LANGUAGE_STANDARD = "gnu++0x";
				CLANG_CXX_LIBRARY = "libc++";
				CLANG_ENABLE_MODULES = YES;
				CLANG_ENABLE_OBJC_ARC = YES;
				CLANG_WARN_BOOL_CONVERSION = YES;
				CLANG_WARN_CONSTANT_CONVERSION = YES;
				CLANG_WARN_DIRECT_OBJC_ISA_USAGE = YES_ERROR;
				CLANG_WARN_EMPTY_BODY = YES;
				CLANG_WARN_ENUM_CONVERSION = YES;
				CLANG_WARN_INT_CONVERSION = YES;
				CLANG_WARN_OBJC_ROOT_CLASS = YES_ERROR;
				CLANG_WARN__DUPLICATE_METHOD_MATCH = YES;
				"CODE_SIGN_IDENTITY[sdk=iphoneos*]" = "iPhone Developer";
				COPY_PHASE_STRIP = YES;
				ENABLE_NS_ASSERTIONS = NO;
				GCC_C_LANGUAGE_STANDARD = gnu99;
				GCC_WARN_64_TO_32_BIT_CONVERSION = YES;
				GCC_WARN_ABOUT_RETURN_TYPE = YES_ERROR;
				GCC_WARN_UNDECLARED_SELECTOR = YES;
				GCC_WARN_UNINITIALIZED_AUTOS = YES;
				GCC_WARN_UNUSED_FUNCTION = YES;
				GCC_WARN_UNUSED_VARIABLE = YES;
				IPHONEOS_DEPLOYMENT_TARGET = 7.0;
				SDKROOT = iphoneos;
				VALIDATE_PRODUCT = YES;
			};
			name = Release;
		};
		2E99699118E9CA4100880256 /* Debug */ = {
			isa = XCBuildConfiguration;
			buildSettings = {
				ASSETCATALOG_COMPILER_APPICON_NAME = AppIcon;
				ASSETCATALOG_COMPILER_LAUNCHIMAGE_NAME = LaunchImage;
				GCC_PRECOMPILE_PREFIX_HEADER = YES;
				GCC_PREFIX_HEADER = "SalesforceAuth/SalesforceAuth-Prefix.pch";
				INFOPLIST_FILE = "SalesforceAuth/SalesforceAuth-Info.plist";
				PRODUCT_NAME = "$(TARGET_NAME)";
				WRAPPER_EXTENSION = app;
			};
			name = Debug;
		};
		2E99699218E9CA4100880256 /* Release */ = {
			isa = XCBuildConfiguration;
			buildSettings = {
				ASSETCATALOG_COMPILER_APPICON_NAME = AppIcon;
				ASSETCATALOG_COMPILER_LAUNCHIMAGE_NAME = LaunchImage;
				GCC_PRECOMPILE_PREFIX_HEADER = YES;
				GCC_PREFIX_HEADER = "SalesforceAuth/SalesforceAuth-Prefix.pch";
				INFOPLIST_FILE = "SalesforceAuth/SalesforceAuth-Info.plist";
				PRODUCT_NAME = "$(TARGET_NAME)";
				WRAPPER_EXTENSION = app;
			};
			name = Release;
		};
		2E99699418E9CA4100880256 /* Debug */ = {
			isa = XCBuildConfiguration;
			buildSettings = {
				ARCHS = "$(ARCHS_STANDARD_INCLUDING_64_BIT)";
				BUNDLE_LOADER = "$(BUILT_PRODUCTS_DIR)/SalesforceAuth.app/SalesforceAuth";
				FRAMEWORK_SEARCH_PATHS = (
					"$(SDKROOT)/Developer/Library/Frameworks",
					"$(inherited)",
					"$(DEVELOPER_FRAMEWORKS_DIR)",
				);
				GCC_PRECOMPILE_PREFIX_HEADER = YES;
				GCC_PREFIX_HEADER = "SalesforceAuth/SalesforceAuth-Prefix.pch";
				GCC_PREPROCESSOR_DEFINITIONS = (
					"DEBUG=1",
					"$(inherited)",
				);
				INFOPLIST_FILE = "SalesforceAuthTests/SalesforceAuthTests-Info.plist";
				PRODUCT_NAME = "$(TARGET_NAME)";
				TEST_HOST = "$(BUNDLE_LOADER)";
				WRAPPER_EXTENSION = xctest;
			};
			name = Debug;
		};
		2E99699518E9CA4100880256 /* Release */ = {
			isa = XCBuildConfiguration;
			buildSettings = {
				ARCHS = "$(ARCHS_STANDARD_INCLUDING_64_BIT)";
				BUNDLE_LOADER = "$(BUILT_PRODUCTS_DIR)/SalesforceAuth.app/SalesforceAuth";
				FRAMEWORK_SEARCH_PATHS = (
					"$(SDKROOT)/Developer/Library/Frameworks",
					"$(inherited)",
					"$(DEVELOPER_FRAMEWORKS_DIR)",
				);
				GCC_PRECOMPILE_PREFIX_HEADER = YES;
				GCC_PREFIX_HEADER = "SalesforceAuth/SalesforceAuth-Prefix.pch";
				INFOPLIST_FILE = "SalesforceAuthTests/SalesforceAuthTests-Info.plist";
				PRODUCT_NAME = "$(TARGET_NAME)";
				TEST_HOST = "$(BUNDLE_LOADER)";
				WRAPPER_EXTENSION = xctest;
			};
			name = Release;
		};
/* End XCBuildConfiguration section */

/* Begin XCConfigurationList section */
		2E99695918E9CA4100880256 /* Build configuration list for PBXProject "SalesforceAuth" */ = {
			isa = XCConfigurationList;
			buildConfigurations = (
				2E99698E18E9CA4100880256 /* Debug */,
				2E99698F18E9CA4100880256 /* Release */,
			);
			defaultConfigurationIsVisible = 0;
			defaultConfigurationName = Release;
		};
		2E99699018E9CA4100880256 /* Build configuration list for PBXNativeTarget "SalesforceAuth" */ = {
			isa = XCConfigurationList;
			buildConfigurations = (
				2E99699118E9CA4100880256 /* Debug */,
				2E99699218E9CA4100880256 /* Release */,
			);
			defaultConfigurationIsVisible = 0;
		};
		2E99699318E9CA4100880256 /* Build configuration list for PBXNativeTarget "SalesforceAuthTests" */ = {
			isa = XCConfigurationList;
			buildConfigurations = (
				2E99699418E9CA4100880256 /* Debug */,
				2E99699518E9CA4100880256 /* Release */,
			);
			defaultConfigurationIsVisible = 0;
		};
/* End XCConfigurationList section */
	};
	rootObject = 2E99695618E9CA4100880256 /* Project object */;
}
